
Microsoft Visual Studio Solution File, Format Version 12.00
# Visual Studio Version 16
VisualStudioVersion = 16.0.30413.136
MinimumVisualStudioVersion = 10.0.40219.1
Project("{FAE04EC0-301F-11D3-BF4B-00C04F79EFBC}") = "MiCalculadora", "MiCalculadora\MiCalculadora.csproj", "{E947DF47-6CE4-4498-A547-E1CAD116B188}"
EndProject
Project("{FAE04EC0-301F-11D3-BF4B-00C04F79EFBC}") = "Entidades", "Entidades\Entidades.csproj", "{0ABA9215-D350-4EB8-ACCE-FEFC00C5A6B1}"
EndProject
Global
	GlobalSection(SolutionConfigurationPlatforms) = preSolution
		Debug|Any CPU = Debug|Any CPU
		Release|Any CPU = Release|Any CPU
	EndGlobalSection
	GlobalSection(ProjectConfigurationPlatforms) = postSolution
		{E947DF47-6CE4-4498-A547-E1CAD116B188}.Debug|Any CPU.ActiveCfg = Debug|Any CPU
		{E947DF47-6CE4-4498-A547-E1CAD116B188}.Debug|Any CPU.Build.0 = Debug|Any CPU
		{E947DF47-6CE4-4498-A547-E1CAD116B188}.Release|Any CPU.ActiveCfg = Release|Any CPU
		{E947DF47-6CE4-4498-A547-E1CAD116B188}.Release|Any CPU.Build.0 = Release|Any CPU
		{0ABA9215-D350-4EB8-ACCE-FEFC00C5A6B1}.Debug|Any CPU.ActiveCfg = Debug|Any CPU
		{0ABA9215-D350-4EB8-ACCE-FEFC00C5A6B1}.Debug|Any CPU.Build.0 = Debug|Any CPU
		{0ABA9215-D350-4EB8-ACCE-FEFC00C5A6B1}.Release|Any CPU.ActiveCfg = Release|Any CPU
		{0ABA9215-D350-4EB8-ACCE-FEFC00C5A6B1}.Release|Any CPU.Build.0 = Release|Any CPU
	EndGlobalSection
	GlobalSection(SolutionProperties) = preSolution
		HideSolutionNode = FALSE
	EndGlobalSection
	GlobalSection(ExtensibilityGlobals) = postSolution
		SolutionGuid = {BCCD06C6-6A21-4926-8F1E-9AC3683E6DA2}
	EndGlobalSection
EndGlobal
